
Microsoft Visual Studio Solution File, Format Version 12.00
# Visual Studio Version 16
VisualStudioVersion = 16.0.30523.141
MinimumVisualStudioVersion = 10.0.40219.1
Project("{FAE04EC0-301F-11D3-BF4B-00C04F79EFBC}") = "BaseRepository", "BaseRepository\BaseRepository.csproj", "{CCAA450A-D460-4A8F-AAB8-633DA05CF245}"
EndProject
Global
	GlobalSection(SolutionConfigurationPlatforms) = preSolution
		Debug|Any CPU = Debug|Any CPU
		Release|Any CPU = Release|Any CPU
	EndGlobalSection
	GlobalSection(ProjectConfigurationPlatforms) = postSolution
		{CCAA450A-D460-4A8F-AAB8-633DA05CF245}.Debug|Any CPU.ActiveCfg = Debug|Any CPU
		{CCAA450A-D460-4A8F-AAB8-633DA05CF245}.Debug|Any CPU.Build.0 = Debug|Any CPU
		{CCAA450A-D460-4A8F-AAB8-633DA05CF245}.Release|Any CPU.ActiveCfg = Release|Any CPU
		{CCAA450A-D460-4A8F-AAB8-633DA05CF245}.Release|Any CPU.Build.0 = Release|Any CPU
	EndGlobalSection
	GlobalSection(SolutionProperties) = preSolution
		HideSolutionNode = FALSE
	EndGlobalSection
	GlobalSection(ExtensibilityGlobals) = postSolution
		SolutionGuid = {6B15C0CA-2248-4178-8980-ADC0E535E238}
	EndGlobalSection
EndGlobal
